
Microsoft Visual Studio Solution File, Format Version 12.00
# Visual Studio Version 16
VisualStudioVersion = 16.0.29519.87
MinimumVisualStudioVersion = 10.0.40219.1
Project("{9A19103F-16F7-4668-BE54-9A1E7A4F7556}") = "Advent._2019", "Advent._2019\Advent._2019.csproj", "{DD01828A-48D7-4B0C-8563-56050FDF1C81}"
EndProject
Project("{9A19103F-16F7-4668-BE54-9A1E7A4F7556}") = "Advent.Core", "Advent.Core\Advent.Core.csproj", "{1B1E76F4-D1EC-420E-843B-2614CF22A67B}"
EndProject
Project("{FAE04EC0-301F-11D3-BF4B-00C04F79EFBC}") = "Advent._2020", "Advent._2020\Advent._2020.csproj", "{FAF36EE4-5C5D-46FA-8E3F-2155732458F4}"
EndProject
Global
	GlobalSection(SolutionConfigurationPlatforms) = preSolution
		Debug|Any CPU = Debug|Any CPU
		Release|Any CPU = Release|Any CPU
	EndGlobalSection
	GlobalSection(ProjectConfigurationPlatforms) = postSolution
		{DD01828A-48D7-4B0C-8563-56050FDF1C81}.Debug|Any CPU.ActiveCfg = Debug|Any CPU
		{DD01828A-48D7-4B0C-8563-56050FDF1C81}.Debug|Any CPU.Build.0 = Debug|Any CPU
		{DD01828A-48D7-4B0C-8563-56050FDF1C81}.Release|Any CPU.ActiveCfg = Release|Any CPU
		{DD01828A-48D7-4B0C-8563-56050FDF1C81}.Release|Any CPU.Build.0 = Release|Any CPU
		{1B1E76F4-D1EC-420E-843B-2614CF22A67B}.Debug|Any CPU.ActiveCfg = Debug|Any CPU
		{1B1E76F4-D1EC-420E-843B-2614CF22A67B}.Debug|Any CPU.Build.0 = Debug|Any CPU
		{1B1E76F4-D1EC-420E-843B-2614CF22A67B}.Release|Any CPU.ActiveCfg = Release|Any CPU
		{1B1E76F4-D1EC-420E-843B-2614CF22A67B}.Release|Any CPU.Build.0 = Release|Any CPU
		{FAF36EE4-5C5D-46FA-8E3F-2155732458F4}.Debug|Any CPU.ActiveCfg = Debug|Any CPU
		{FAF36EE4-5C5D-46FA-8E3F-2155732458F4}.Debug|Any CPU.Build.0 = Debug|Any CPU
		{FAF36EE4-5C5D-46FA-8E3F-2155732458F4}.Release|Any CPU.ActiveCfg = Release|Any CPU
		{FAF36EE4-5C5D-46FA-8E3F-2155732458F4}.Release|Any CPU.Build.0 = Release|Any CPU
	EndGlobalSection
	GlobalSection(SolutionProperties) = preSolution
		HideSolutionNode = FALSE
	EndGlobalSection
	GlobalSection(ExtensibilityGlobals) = postSolution
		SolutionGuid = {16B0E530-E5D5-42F2-AE84-AA699A7666E7}
	EndGlobalSection
EndGlobal
