
Microsoft Visual Studio Solution File, Format Version 12.00
# Visual Studio Version 17
VisualStudioVersion = 17.0.31903.59
MinimumVisualStudioVersion = 10.0.40219.1
Project("{9A19103F-16F7-4668-BE54-9A1E7A4F7556}") = "Advent._2019", "Advent._2019\Advent._2019.csproj", "{DD01828A-48D7-4B0C-8563-56050FDF1C81}"
EndProject
Project("{9A19103F-16F7-4668-BE54-9A1E7A4F7556}") = "Advent._2020", "Advent._2020\Advent._2020.csproj", "{FAF36EE4-5C5D-46FA-8E3F-2155732458F4}"
EndProject
Project("{9A19103F-16F7-4668-BE54-9A1E7A4F7556}") = "Advent._2021", "Advent._2021\Advent._2021.csproj", "{6A891F9D-E8C7-493D-9598-AC992FD4C64B}"
EndProject
Project("{2150E333-8FDC-42A3-9474-1A3956D46DE8}") = "A Previous Years", "A Previous Years", "{1D4CE868-DE51-4B93-8463-5EAB75B18385}"
EndProject
Project("{9A19103F-16F7-4668-BE54-9A1E7A4F7556}") = "Advent.Core_2019_2020", "Advent.Core_2019_2020\Advent.Core_2019_2020.csproj", "{D05B6FDE-1007-4E9D-B69B-5AFA3CAC239F}"
EndProject
Project("{9A19103F-16F7-4668-BE54-9A1E7A4F7556}") = "Advent.Core_2021", "Advent.Core_2021\Advent.Core_2021.csproj", "{EC47F3CF-C6B4-4FC4-9BEC-2FD4596BB89A}"
EndProject
Global
	GlobalSection(SolutionConfigurationPlatforms) = preSolution
		Debug|Any CPU = Debug|Any CPU
		Release|Any CPU = Release|Any CPU
	EndGlobalSection
	GlobalSection(ProjectConfigurationPlatforms) = postSolution
		{DD01828A-48D7-4B0C-8563-56050FDF1C81}.Debug|Any CPU.ActiveCfg = Debug|Any CPU
		{DD01828A-48D7-4B0C-8563-56050FDF1C81}.Debug|Any CPU.Build.0 = Debug|Any CPU
		{DD01828A-48D7-4B0C-8563-56050FDF1C81}.Release|Any CPU.ActiveCfg = Release|Any CPU
		{DD01828A-48D7-4B0C-8563-56050FDF1C81}.Release|Any CPU.Build.0 = Release|Any CPU
		{FAF36EE4-5C5D-46FA-8E3F-2155732458F4}.Debug|Any CPU.ActiveCfg = Debug|Any CPU
		{FAF36EE4-5C5D-46FA-8E3F-2155732458F4}.Debug|Any CPU.Build.0 = Debug|Any CPU
		{FAF36EE4-5C5D-46FA-8E3F-2155732458F4}.Release|Any CPU.ActiveCfg = Release|Any CPU
		{FAF36EE4-5C5D-46FA-8E3F-2155732458F4}.Release|Any CPU.Build.0 = Release|Any CPU
		{6A891F9D-E8C7-493D-9598-AC992FD4C64B}.Debug|Any CPU.ActiveCfg = Debug|Any CPU
		{6A891F9D-E8C7-493D-9598-AC992FD4C64B}.Debug|Any CPU.Build.0 = Debug|Any CPU
		{6A891F9D-E8C7-493D-9598-AC992FD4C64B}.Release|Any CPU.ActiveCfg = Release|Any CPU
		{6A891F9D-E8C7-493D-9598-AC992FD4C64B}.Release|Any CPU.Build.0 = Release|Any CPU
		{D05B6FDE-1007-4E9D-B69B-5AFA3CAC239F}.Debug|Any CPU.ActiveCfg = Debug|Any CPU
		{D05B6FDE-1007-4E9D-B69B-5AFA3CAC239F}.Debug|Any CPU.Build.0 = Debug|Any CPU
		{D05B6FDE-1007-4E9D-B69B-5AFA3CAC239F}.Release|Any CPU.ActiveCfg = Release|Any CPU
		{D05B6FDE-1007-4E9D-B69B-5AFA3CAC239F}.Release|Any CPU.Build.0 = Release|Any CPU
		{EC47F3CF-C6B4-4FC4-9BEC-2FD4596BB89A}.Debug|Any CPU.ActiveCfg = Debug|Any CPU
		{EC47F3CF-C6B4-4FC4-9BEC-2FD4596BB89A}.Debug|Any CPU.Build.0 = Debug|Any CPU
		{EC47F3CF-C6B4-4FC4-9BEC-2FD4596BB89A}.Release|Any CPU.ActiveCfg = Release|Any CPU
		{EC47F3CF-C6B4-4FC4-9BEC-2FD4596BB89A}.Release|Any CPU.Build.0 = Release|Any CPU
	EndGlobalSection
	GlobalSection(SolutionProperties) = preSolution
		HideSolutionNode = FALSE
	EndGlobalSection
	GlobalSection(NestedProjects) = preSolution
		{DD01828A-48D7-4B0C-8563-56050FDF1C81} = {1D4CE868-DE51-4B93-8463-5EAB75B18385}
		{FAF36EE4-5C5D-46FA-8E3F-2155732458F4} = {1D4CE868-DE51-4B93-8463-5EAB75B18385}
		{D05B6FDE-1007-4E9D-B69B-5AFA3CAC239F} = {1D4CE868-DE51-4B93-8463-5EAB75B18385}
		{6A891F9D-E8C7-493D-9598-AC992FD4C64B} = {1D4CE868-DE51-4B93-8463-5EAB75B18385}
		{EC47F3CF-C6B4-4FC4-9BEC-2FD4596BB89A} = {1D4CE868-DE51-4B93-8463-5EAB75B18385}
	EndGlobalSection
	GlobalSection(ExtensibilityGlobals) = postSolution
		SolutionGuid = {16B0E530-E5D5-42F2-AE84-AA699A7666E7}
	EndGlobalSection
EndGlobal
